
Microsoft Visual Studio Solution File, Format Version 12.00
# Visual Studio 11
Project("{FAE04EC0-301F-11D3-BF4B-00C04F79EFBC}") = "cam", "cam.csproj", "{13503185-4C27-450A-8504-6684BC8C120D}"
EndProject
Global
	GlobalSection(SolutionConfigurationPlatforms) = preSolution
		Debug|Any CPU = Debug|Any CPU
		Release|Any CPU = Release|Any CPU
	EndGlobalSection
	GlobalSection(ProjectConfigurationPlatforms) = postSolution
		{13503185-4C27-450A-8504-6684BC8C120D}.Debug|Any CPU.ActiveCfg = Debug|Any CPU
		{13503185-4C27-450A-8504-6684BC8C120D}.Debug|Any CPU.Build.0 = Debug|Any CPU
		{13503185-4C27-450A-8504-6684BC8C120D}.Release|Any CPU.ActiveCfg = Release|Any CPU
		{13503185-4C27-450A-8504-6684BC8C120D}.Release|Any CPU.Build.0 = Release|Any CPU
	EndGlobalSection
	GlobalSection(SolutionProperties) = preSolution
		HideSolutionNode = FALSE
	EndGlobalSection
EndGlobal
